{
  "name": "@justapple/discordai",
  "version": "2.0.0",
  "lockfileVersion": 3,
  "requires": true,
  "packages": {
    "": {
      "name": "@justapple/discordai",
      "version": "2.0.0",
      "license": "Apache-2.0",
      "dependencies": {
        "@jnode/ai": "^1.0.0",
        "@jnode/db": "^1.1.0",
        "@jnode/discord": "^2.0.1",
        "@jnode/request": "^2.1.4"
      }
    },
    "node_modules/@jnode/ai": {
      "version": "1.0.0",
      "resolved": "https://registry.npmjs.org/@jnode/ai/-/ai-1.0.0.tgz",
      "integrity": "sha512-Gfkv/dF7J8bX3Dg3KcqSsva4iaCUGnwFr77mNFIo7eXfeI6TeFqysHhMPh0/0U9t4AHQQIE+MB41Q7/BkegCAA==",
      "license": "Apache-2.0",
      "dependencies": {
        "@jnode/request": "^2.1.4"
      }
    },
    "node_modules/@jnode/db": {
      "version": "1.1.0",
      "resolved": "https://registry.npmjs.org/@jnode/db/-/db-1.1.0.tgz",
      "integrity": "sha512-S1jpo3bxe23HxdBrOjyGNRN/5a2w4G5jt3RurPyspGwZgf2HJDO4kPKdIW/7NIowoG4FlSHA8PBmHSVrbwC1eQ==",
      "license": "Apache-2.0"
    },
    "node_modules/@jnode/discord": {
      "version": "2.0.1",
      "resolved": "https://registry.npmjs.org/@jnode/discord/-/discord-2.0.1.tgz",
      "integrity": "sha512-SzKQ8STvocF/o8v1pm1r3smVnYMXrmR3IJtqwGR191Gr9RJgA51DseyZHz2A0seBZEG96/mTdEW2hVXv/m8YFQ==",
      "license": "Apache-2.0",
      "dependencies": {
        "@jnode/request": "^2.1.3"
      },
      "engines": {
        "node": ">=22.4.0"
      }
    },
    "node_modules/@jnode/request": {
      "version": "2.1.4",
      "resolved": "https://registry.npmjs.org/@jnode/request/-/request-2.1.4.tgz",
      "integrity": "sha512-fxndwSB68fSZDGKKHvdQoDrK3eQzbRIMJ/GzY/w0TmVwU9Wskg2XmpStFo+eQJRtL7zbZ6VahPctbnD9eRtCdg==",
      "license": "Apache-2.0"
    }
  }
}
